Microsoft Visual Studio Solution File, Format Version 12.00
# Visual Studio Version 17
VisualStudioVersion = 17.5.2.0
MinimumVisualStudioVersion = 10.0.40219.1
Project("{FAE04EC0-301F-11D3-BF4B-00C04F79EFBC}") = "copilot_calculator_custom_rules_duplication", "copilot_calculator_custom_rules_duplication.csproj", "{FE5FF9BD-ADD9-456F-FF46-62A355FEBB01}"
EndProject
Global
	GlobalSection(SolutionConfigurationPlatforms) = preSolution
		Debug|Any CPU = Debug|Any CPU
		Release|Any CPU = Release|Any CPU
	EndGlobalSection
	GlobalSection(ProjectConfigurationPlatforms) = postSolution
		{FE5FF9BD-ADD9-456F-FF46-62A355FEBB01}.Debug|Any CPU.ActiveCfg = Debug|Any CPU
		{FE5FF9BD-ADD9-456F-FF46-62A355FEBB01}.Debug|Any CPU.Build.0 = Debug|Any CPU
		{FE5FF9BD-ADD9-456F-FF46-62A355FEBB01}.Release|Any CPU.ActiveCfg = Release|Any CPU
		{FE5FF9BD-ADD9-456F-FF46-62A355FEBB01}.Release|Any CPU.Build.0 = Release|Any CPU
	EndGlobalSection
	GlobalSection(SolutionProperties) = preSolution
		HideSolutionNode = FALSE
	EndGlobalSection
	GlobalSection(ExtensibilityGlobals) = postSolution
		SolutionGuid = {28C255C4-D309-4084-A54C-BF1368AAC740}
	EndGlobalSection
EndGlobal
